
Microsoft Visual Studio Solution File, Format Version 12.00
# Visual Studio 14
VisualStudioVersion = 14.0.25420.1
MinimumVisualStudioVersion = 10.0.40219.1
Project("{FAE04EC0-301F-11D3-BF4B-00C04F79EFBC}") = "TTC.Utils.Environment", "TTC.Utils.Environment\TTC.Utils.Environment.csproj", "{B32041A6-563B-46A3-89D3-343C39849B7E}"
EndProject
Project("{FAE04EC0-301F-11D3-BF4B-00C04F79EFBC}") = "TTC.Utils.VMDetect", "TTC.Utils.VMDetect\TTC.Utils.VMDetect.csproj", "{83373D93-15F7-40AF-87B6-414D9C93EF2A}"
EndProject
Global
	GlobalSection(SolutionConfigurationPlatforms) = preSolution
		Debug|Any CPU = Debug|Any CPU
		Release|Any CPU = Release|Any CPU
	EndGlobalSection
	GlobalSection(ProjectConfigurationPlatforms) = postSolution
		{B32041A6-563B-46A3-89D3-343C39849B7E}.Debug|Any CPU.ActiveCfg = Debug|Any CPU
		{B32041A6-563B-46A3-89D3-343C39849B7E}.Debug|Any CPU.Build.0 = Debug|Any CPU
		{B32041A6-563B-46A3-89D3-343C39849B7E}.Release|Any CPU.ActiveCfg = Release|Any CPU
		{B32041A6-563B-46A3-89D3-343C39849B7E}.Release|Any CPU.Build.0 = Release|Any CPU
		{83373D93-15F7-40AF-87B6-414D9C93EF2A}.Debug|Any CPU.ActiveCfg = Debug|Any CPU
		{83373D93-15F7-40AF-87B6-414D9C93EF2A}.Debug|Any CPU.Build.0 = Debug|Any CPU
		{83373D93-15F7-40AF-87B6-414D9C93EF2A}.Release|Any CPU.ActiveCfg = Release|Any CPU
		{83373D93-15F7-40AF-87B6-414D9C93EF2A}.Release|Any CPU.Build.0 = Release|Any CPU
	EndGlobalSection
	GlobalSection(SolutionProperties) = preSolution
		HideSolutionNode = FALSE
	EndGlobalSection
EndGlobal
